// !$*UTF8*$!
{
	archiveVersion = 1;
	classes = {
	};
	objectVersion = 46;
	objects = {

/* Begin PBXBuildFile section */
		D326003217B894B000CF8309 /* Cocoa.framework in Frameworks */ = {isa = PBXBuildFile; fileRef = D326003117B894B000CF8309 /* Cocoa.framework */; };
		D326003C17B894B000CF8309 /* InfoPlist.strings in Resources */ = {isa = PBXBuildFile; fileRef = D326003A17B894B000CF8309 /* InfoPlist.strings */; };
		D326003E17B894B000CF8309 /* main.m in Sources */ = {isa = PBXBuildFile; fileRef = D326003D17B894B000CF8309 /* main.m */; };
		D326004217B894B000CF8309 /* Credits.rtf in Resources */ = {isa = PBXBuildFile; fileRef = D326004017B894B000CF8309 /* Credits.rtf */; };
		D326004517B894B000CF8309 /* AppDelegate.m in Sources */ = {isa = PBXBuildFile; fileRef = D326004417B894B000CF8309 /* AppDelegate.m */; };
		D326004817B894B000CF8309 /* MainMenu.xib in Resources */ = {isa = PBXBuildFile; fileRef = D326004617B894B000CF8309 /* MainMenu.xib */; };
		D326005217B896FF00CF8309 /* FacetiousCppNSOpenGL.cpp in Sources */ = {isa = PBXBuildFile; fileRef = D326004E17B896FF00CF8309 /* FacetiousCppNSOpenGL.cpp */; };
		D326005317B896FF00CF8309 /* FacetiousShader.cpp in Sources */ = {isa = PBXBuildFile; fileRef = D326005017B896FF00CF8309 /* FacetiousShader.cpp */; };
		D326005717B897E000CF8309 /* libAgl.dylib in Frameworks */ = {isa = PBXBuildFile; fileRef = D326005417B897E000CF8309 /* libAgl.dylib */; };
		D326005817B897E000CF8309 /* libAoc.dylib in Frameworks */ = {isa = PBXBuildFile; fileRef = D326005517B897E000CF8309 /* libAoc.dylib */; };
		D326005917B897E000CF8309 /* libAut.dylib in Frameworks */ = {isa = PBXBuildFile; fileRef = D326005617B897E000CF8309 /* libAut.dylib */; };
		D326005B17B9E59700CF8309 /* OpenGL.framework in Frameworks */ = {isa = PBXBuildFile; fileRef = D326005A17B9E59700CF8309 /* OpenGL.framework */; };
		D326005D17B9E5D600CF8309 /* libIex.dylib in Frameworks */ = {isa = PBXBuildFile; fileRef = D326005C17B9E5D600CF8309 /* libIex.dylib */; };
		D326006017B9E86000CF8309 /* FacetiousInit.cpp in Sources */ = {isa = PBXBuildFile; fileRef = D326005E17B9E86000CF8309 /* FacetiousInit.cpp */; };
		D326006217BF347300CF8309 /* defaultImage.jpg in Resources */ = {isa = PBXBuildFile; fileRef = D326006117BF347300CF8309 /* defaultImage.jpg */; };
		D326006417C1674600CF8309 /* README.txt in Resources */ = {isa = PBXBuildFile; fileRef = D326006317C1674600CF8309 /* README.txt */; };
/* End PBXBuildFile section */

/* Begin PBXFileReference section */
		D326002E17B894B000CF8309 /* Facetious.app */ = {isa = PBXFileReference; explicitFileType = wrapper.application; includeInIndex = 0; path = Facetious.app; sourceTree = BUILT_PRODUCTS_DIR; };
		D326003117B894B000CF8309 /* Cocoa.framework */ = {isa = PBXFileReference; lastKnownFileType = wrapper.framework; name = Cocoa.framework; path = System/Library/Frameworks/Cocoa.framework; sourceTree = SDKROOT; };
		D326003417B894B000CF8309 /* AppKit.framework */ = {isa = PBXFileReference; lastKnownFileType = wrapper.framework; name = AppKit.framework; path = System/Library/Frameworks/AppKit.framework; sourceTree = SDKROOT; };
		D326003517B894B000CF8309 /* CoreData.framework */ = {isa = PBXFileReference; lastKnownFileType = wrapper.framework; name = CoreData.framework; path = System/Library/Frameworks/CoreData.framework; sourceTree = SDKROOT; };
		D326003617B894B000CF8309 /* Foundation.framework */ = {isa = PBXFileReference; lastKnownFileType = wrapper.framework; name = Foundation.framework; path = System/Library/Frameworks/Foundation.framework; sourceTree = SDKROOT; };
		D326003917B894B000CF8309 /* Facetious-Info.plist */ = {isa = PBXFileReference; lastKnownFileType = text.plist.xml; path = "Facetious-Info.plist"; sourceTree = "<group>"; };
		D326003B17B894B000CF8309 /* en */ = {isa = PBXFileReference; lastKnownFileType = text.plist.strings; name = en; path = en.lproj/InfoPlist.strings; sourceTree = "<group>"; };
		D326003D17B894B000CF8309 /* main.m */ = {isa = PBXFileReference; lastKnownFileType = sourcecode.c.objc; path = main.m; sourceTree = "<group>"; };
		D326003F17B894B000CF8309 /* Facetious-Prefix.pch */ = {isa = PBXFileReference; lastKnownFileType = sourcecode.c.h; path = "Facetious-Prefix.pch"; sourceTree = "<group>"; };
		D326004117B894B000CF8309 /* en */ = {isa = PBXFileReference; lastKnownFileType = text.rtf; name = en; path = en.lproj/Credits.rtf; sourceTree = "<group>"; };
		D326004317B894B000CF8309 /* AppDelegate.h */ = {isa = PBXFileReference; lastKnownFileType = sourcecode.c.h; path = AppDelegate.h; sourceTree = "<group>"; };
		D326004417B894B000CF8309 /* AppDelegate.m */ = {isa = PBXFileReference; lastKnownFileType = sourcecode.c.objc; path = AppDelegate.m; sourceTree = "<group>"; };
		D326004717B894B000CF8309 /* en */ = {isa = PBXFileReference; lastKnownFileType = file.xib; name = en; path = en.lproj/MainMenu.xib; sourceTree = "<group>"; };
		D326004E17B896FF00CF8309 /* FacetiousCppNSOpenGL.cpp */ = {isa = PBXFileReference; fileEncoding = 4; lastKnownFileType = sourcecode.cpp.cpp; lineEnding = 0; path = FacetiousCppNSOpenGL.cpp; sourceTree = "<group>"; xcLanguageSpecificationIdentifier = xcode.lang.cpp; };
		D326004F17B896FF00CF8309 /* FacetiousCppNSOpenGL.h */ = {isa = PBXFileReference; fileEncoding = 4; lastKnownFileType = sourcecode.c.h; path = FacetiousCppNSOpenGL.h; sourceTree = "<group>"; };
		D326005017B896FF00CF8309 /* FacetiousShader.cpp */ = {isa = PBXFileReference; fileEncoding = 4; lastKnownFileType = sourcecode.cpp.cpp; lineEnding = 0; path = FacetiousShader.cpp; sourceTree = "<group>"; xcLanguageSpecificationIdentifier = xcode.lang.cpp; };
		D326005117B896FF00CF8309 /* FacetiousShader.h */ = {isa = PBXFileReference; fileEncoding = 4; lastKnownFileType = sourcecode.c.h; lineEnding = 0; path = FacetiousShader.h; sourceTree = "<group>"; xcLanguageSpecificationIdentifier = xcode.lang.objcpp; };
		D326005417B897E000CF8309 /* libAgl.dylib */ = {isa = PBXFileReference; lastKnownFileType = "compiled.mach-o.dylib"; name = libAgl.dylib; path = "../../../../Library/Developer/Xcode/DerivedData/FacetiousWorkspace-fwmrwwelmqjckdfqxtkgakduskfp/Build/Products/Debug/libAgl.dylib"; sourceTree = "<group>"; };
		D326005517B897E000CF8309 /* libAoc.dylib */ = {isa = PBXFileReference; lastKnownFileType = "compiled.mach-o.dylib"; name = libAoc.dylib; path = "../../../../Library/Developer/Xcode/DerivedData/FacetiousWorkspace-fwmrwwelmqjckdfqxtkgakduskfp/Build/Products/Debug/libAoc.dylib"; sourceTree = "<group>"; };
		D326005617B897E000CF8309 /* libAut.dylib */ = {isa = PBXFileReference; lastKnownFileType = "compiled.mach-o.dylib"; name = libAut.dylib; path = "../../../../Library/Developer/Xcode/DerivedData/FacetiousWorkspace-fwmrwwelmqjckdfqxtkgakduskfp/Build/Products/Debug/libAut.dylib"; sourceTree = "<group>"; };
		D326005A17B9E59700CF8309 /* OpenGL.framework */ = {isa = PBXFileReference; lastKnownFileType = wrapper.framework; name = OpenGL.framework; path = System/Library/Frameworks/OpenGL.framework; sourceTree = SDKROOT; };
		D326005C17B9E5D600CF8309 /* libIex.dylib */ = {isa = PBXFileReference; lastKnownFileType = "compiled.mach-o.dylib"; name = libIex.dylib; path = ../../../../../../usr/local/lib/libIex.dylib; sourceTree = "<group>"; };
		D326005E17B9E86000CF8309 /* FacetiousInit.cpp */ = {isa = PBXFileReference; fileEncoding = 4; lastKnownFileType = sourcecode.cpp.cpp; path = FacetiousInit.cpp; sourceTree = "<group>"; };
		D326005F17B9E86000CF8309 /* FacetiousInit.h */ = {isa = PBXFileReference; fileEncoding = 4; lastKnownFileType = sourcecode.c.h; path = FacetiousInit.h; sourceTree = "<group>"; };
		D326006117BF347300CF8309 /* defaultImage.jpg */ = {isa = PBXFileReference; lastKnownFileType = image.jpeg; name = defaultImage.jpg; path = ../../defaultImage.jpg; sourceTree = "<group>"; };
		D326006317C1674600CF8309 /* README.txt */ = {isa = PBXFileReference; fileEncoding = 4; lastKnownFileType = text; path = README.txt; sourceTree = "<group>"; };
/* End PBXFileReference section */

/* Begin PBXFrameworksBuildPhase section */
		D326002B17B894B000CF8309 /* Frameworks */ = {
			isa = PBXFrameworksBuildPhase;
			buildActionMask = 2147483647;
			files = (
				D326005B17B9E59700CF8309 /* OpenGL.framework in Frameworks */,
				D326005717B897E000CF8309 /* libAgl.dylib in Frameworks */,
				D326005817B897E000CF8309 /* libAoc.dylib in Frameworks */,
				D326005D17B9E5D600CF8309 /* libIex.dylib in Frameworks */,
				D326005917B897E000CF8309 /* libAut.dylib in Frameworks */,
				D326003217B894B000CF8309 /* Cocoa.framework in Frameworks */,
			);
			runOnlyForDeploymentPostprocessing = 0;
		};
/* End PBXFrameworksBuildPhase section */

/* Begin PBXGroup section */
		D326002517B894B000CF8309 = {
			isa = PBXGroup;
			children = (
				D326005C17B9E5D600CF8309 /* libIex.dylib */,
				D326005A17B9E59700CF8309 /* OpenGL.framework */,
				D326005417B897E000CF8309 /* libAgl.dylib */,
				D326005517B897E000CF8309 /* libAoc.dylib */,
				D326005617B897E000CF8309 /* libAut.dylib */,
				D326003717B894B000CF8309 /* Facetious */,
				D326003017B894B000CF8309 /* Frameworks */,
				D326002F17B894B000CF8309 /* Products */,
			);
			sourceTree = "<group>";
		};
		D326002F17B894B000CF8309 /* Products */ = {
			isa = PBXGroup;
			children = (
				D326002E17B894B000CF8309 /* Facetious.app */,
			);
			name = Products;
			sourceTree = "<group>";
		};
		D326003017B894B000CF8309 /* Frameworks */ = {
			isa = PBXGroup;
			children = (
				D326003117B894B000CF8309 /* Cocoa.framework */,
				D326003317B894B000CF8309 /* Other Frameworks */,
			);
			name = Frameworks;
			sourceTree = "<group>";
		};
		D326003317B894B000CF8309 /* Other Frameworks */ = {
			isa = PBXGroup;
			children = (
				D326003417B894B000CF8309 /* AppKit.framework */,
				D326003517B894B000CF8309 /* CoreData.framework */,
				D326003617B894B000CF8309 /* Foundation.framework */,
			);
			name = "Other Frameworks";
			sourceTree = "<group>";
		};
		D326003717B894B000CF8309 /* Facetious */ = {
			isa = PBXGroup;
			children = (
				D326004E17B896FF00CF8309 /* FacetiousCppNSOpenGL.cpp */,
				D326004F17B896FF00CF8309 /* FacetiousCppNSOpenGL.h */,
				D326005017B896FF00CF8309 /* FacetiousShader.cpp */,
				D326005117B896FF00CF8309 /* FacetiousShader.h */,
				D326004317B894B000CF8309 /* AppDelegate.h */,
				D326004417B894B000CF8309 /* AppDelegate.m */,
				D326005E17B9E86000CF8309 /* FacetiousInit.cpp */,
				D326005F17B9E86000CF8309 /* FacetiousInit.h */,
				D326004617B894B000CF8309 /* MainMenu.xib */,
				D326003817B894B000CF8309 /* Supporting Files */,
			);
			path = Facetious;
			sourceTree = "<group>";
		};
		D326003817B894B000CF8309 /* Supporting Files */ = {
			isa = PBXGroup;
			children = (
				D326003917B894B000CF8309 /* Facetious-Info.plist */,
				D326003A17B894B000CF8309 /* InfoPlist.strings */,
				D326003D17B894B000CF8309 /* main.m */,
				D326003F17B894B000CF8309 /* Facetious-Prefix.pch */,
				D326004017B894B000CF8309 /* Credits.rtf */,
				D326006117BF347300CF8309 /* defaultImage.jpg */,
				D326006317C1674600CF8309 /* README.txt */,
			);
			name = "Supporting Files";
			sourceTree = "<group>";
		};
/* End PBXGroup section */

/* Begin PBXNativeTarget section */
		D326002D17B894B000CF8309 /* Facetious */ = {
			isa = PBXNativeTarget;
			buildConfigurationList = D326004B17B894B000CF8309 /* Build configuration list for PBXNativeTarget "Facetious" */;
			buildPhases = (
				D326002A17B894B000CF8309 /* Sources */,
				D326002B17B894B000CF8309 /* Frameworks */,
				D326002C17B894B000CF8309 /* Resources */,
			);
			buildRules = (
			);
			dependencies = (
			);
			name = Facetious;
			productName = Facetious;
			productReference = D326002E17B894B000CF8309 /* Facetious.app */;
			productType = "com.apple.product-type.application";
		};
/* End PBXNativeTarget section */

/* Begin PBXProject section */
		D326002617B894B000CF8309 /* Project object */ = {
			isa = PBXProject;
			attributes = {
				LastUpgradeCheck = 0460;
				ORGANIZATIONNAME = Philip;
			};
			buildConfigurationList = D326002917B894B000CF8309 /* Build configuration list for PBXProject "Facetious" */;
			compatibilityVersion = "Xcode 3.2";
			developmentRegion = English;
			hasScannedForEncodings = 0;
			knownRegions = (
				en,
			);
			mainGroup = D326002517B894B000CF8309;
			productRefGroup = D326002F17B894B000CF8309 /* Products */;
			projectDirPath = "";
			projectRoot = "";
			targets = (
				D326002D17B894B000CF8309 /* Facetious */,
			);
		};
/* End PBXProject section */

/* Begin PBXResourcesBuildPhase section */
		D326002C17B894B000CF8309 /* Resources */ = {
			isa = PBXResourcesBuildPhase;
			buildActionMask = 2147483647;
			files = (
				D326003C17B894B000CF8309 /* InfoPlist.strings in Resources */,
				D326004217B894B000CF8309 /* Credits.rtf in Resources */,
				D326004817B894B000CF8309 /* MainMenu.xib in Resources */,
				D326006217BF347300CF8309 /* defaultImage.jpg in Resources */,
				D326006417C1674600CF8309 /* README.txt in Resources */,
			);
			runOnlyForDeploymentPostprocessing = 0;
		};
/* End PBXResourcesBuildPhase section */

/* Begin PBXSourcesBuildPhase section */
		D326002A17B894B000CF8309 /* Sources */ = {
			isa = PBXSourcesBuildPhase;
			buildActionMask = 2147483647;
			files = (
				D326003E17B894B000CF8309 /* main.m in Sources */,
				D326004517B894B000CF8309 /* AppDelegate.m in Sources */,
				D326005217B896FF00CF8309 /* FacetiousCppNSOpenGL.cpp in Sources */,
				D326005317B896FF00CF8309 /* FacetiousShader.cpp in Sources */,
				D326006017B9E86000CF8309 /* FacetiousInit.cpp in Sources */,
			);
			runOnlyForDeploymentPostprocessing = 0;
		};
/* End PBXSourcesBuildPhase section */

/* Begin PBXVariantGroup section */
		D326003A17B894B000CF8309 /* InfoPlist.strings */ = {
			isa = PBXVariantGroup;
			children = (
				D326003B17B894B000CF8309 /* en */,
			);
			name = InfoPlist.strings;
			sourceTree = "<group>";
		};
		D326004017B894B000CF8309 /* Credits.rtf */ = {
			isa = PBXVariantGroup;
			children = (
				D326004117B894B000CF8309 /* en */,
			);
			name = Credits.rtf;
			sourceTree = "<group>";
		};
		D326004617B894B000CF8309 /* MainMenu.xib */ = {
			isa = PBXVariantGroup;
			children = (
				D326004717B894B000CF8309 /* en */,
			);
			name = MainMenu.xib;
			sourceTree = "<group>";
		};
/* End PBXVariantGroup section */

/* Begin XCBuildConfiguration section */
		D326004917B894B000CF8309 /* Debug */ = {
			isa = XCBuildConfiguration;
			buildSettings = {
				ALWAYS_SEARCH_USER_PATHS = NO;
				ARCHS = "$(ARCHS_STANDARD_64_BIT)";
				CLANG_CXX_LANGUAGE_STANDARD = "gnu++0x";
				CLANG_CXX_LIBRARY = "libc++";
				CLANG_WARN_CONSTANT_CONVERSION = YES;
				CLANG_WARN_EMPTY_BODY = YES;
				CLANG_WARN_ENUM_CONVERSION = YES;
				CLANG_WARN_INT_CONVERSION = YES;
				CLANG_WARN__DUPLICATE_METHOD_MATCH = YES;
				COPY_PHASE_STRIP = NO;
				GCC_C_LANGUAGE_STANDARD = gnu99;
				GCC_DYNAMIC_NO_PIC = NO;
				GCC_ENABLE_OBJC_EXCEPTIONS = YES;
				GCC_OPTIMIZATION_LEVEL = 0;
				GCC_PREPROCESSOR_DEFINITIONS = (
					"DEBUG=1",
					"$(inherited)",
				);
				GCC_SYMBOLS_PRIVATE_EXTERN = NO;
				GCC_WARN_64_TO_32_BIT_CONVERSION = YES;
				GCC_WARN_ABOUT_RETURN_TYPE = YES;
				GCC_WARN_UNINITIALIZED_AUTOS = YES;
				GCC_WARN_UNUSED_VARIABLE = YES;
				MACOSX_DEPLOYMENT_TARGET = 10.8;
				ONLY_ACTIVE_ARCH = YES;
				SDKROOT = macosx;
			};
			name = Debug;
		};
		D326004A17B894B000CF8309 /* Release */ = {
			isa = XCBuildConfiguration;
			buildSettings = {
				ALWAYS_SEARCH_USER_PATHS = NO;
				ARCHS = "$(ARCHS_STANDARD_64_BIT)";
				CLANG_CXX_LANGUAGE_STANDARD = "gnu++0x";
				CLANG_CXX_LIBRARY = "libc++";
				CLANG_WARN_CONSTANT_CONVERSION = YES;
				CLANG_WARN_EMPTY_BODY = YES;
				CLANG_WARN_ENUM_CONVERSION = YES;
				CLANG_WARN_INT_CONVERSION = YES;
				CLANG_WARN__DUPLICATE_METHOD_MATCH = YES;
				COPY_PHASE_STRIP = YES;
				DEBUG_INFORMATION_FORMAT = "dwarf-with-dsym";
				GCC_C_LANGUAGE_STANDARD = gnu99;
				GCC_ENABLE_OBJC_EXCEPTIONS = YES;
				GCC_WARN_64_TO_32_BIT_CONVERSION = YES;
				GCC_WARN_ABOUT_RETURN_TYPE = YES;
				GCC_WARN_UNINITIALIZED_AUTOS = YES;
				GCC_WARN_UNUSED_VARIABLE = YES;
				MACOSX_DEPLOYMENT_TARGET = 10.8;
				SDKROOT = macosx;
			};
			name = Release;
		};
		D326004C17B894B000CF8309 /* Debug */ = {
			isa = XCBuildConfiguration;
			buildSettings = {
				COMBINE_HIDPI_IMAGES = YES;
				GCC_PRECOMPILE_PREFIX_HEADER = YES;
				GCC_PREFIX_HEADER = "Facetious/Facetious-Prefix.pch";
				HEADER_SEARCH_PATHS = (
					"$(SRCROOT)/..",
					/usr/local/include,
				);
				INFOPLIST_FILE = "Facetious/Facetious-Info.plist";
				LIBRARY_SEARCH_PATHS = (
					"$(inherited)",
					"\"$(SRCROOT)/../../../../Library/Developer/Xcode/DerivedData/FacetiousWorkspace-fwmrwwelmqjckdfqxtkgakduskfp/Build/Products/Debug\"",
					/usr/local/lib,
				);
				PRODUCT_NAME = "$(TARGET_NAME)";
				WRAPPER_EXTENSION = app;
			};
			name = Debug;
		};
		D326004D17B894B000CF8309 /* Release */ = {
			isa = XCBuildConfiguration;
			buildSettings = {
				COMBINE_HIDPI_IMAGES = YES;
				GCC_PRECOMPILE_PREFIX_HEADER = YES;
				GCC_PREFIX_HEADER = "Facetious/Facetious-Prefix.pch";
				HEADER_SEARCH_PATHS = (
					"$(SRCROOT)/..",
					/usr/local/include,
				);
				INFOPLIST_FILE = "Facetious/Facetious-Info.plist";
				LIBRARY_SEARCH_PATHS = (
					"$(inherited)",
					"\"$(SRCROOT)/../../../../Library/Developer/Xcode/DerivedData/FacetiousWorkspace-fwmrwwelmqjckdfqxtkgakduskfp/Build/Products/Debug\"",
					/usr/local/lib,
				);
				PRODUCT_NAME = "$(TARGET_NAME)";
				WRAPPER_EXTENSION = app;
			};
			name = Release;
		};
/* End XCBuildConfiguration section */

/* Begin XCConfigurationList section */
		D326002917B894B000CF8309 /* Build configuration list for PBXProject "Facetious" */ = {
			isa = XCConfigurationList;
			buildConfigurations = (
				D326004917B894B000CF8309 /* Debug */,
				D326004A17B894B000CF8309 /* Release */,
			);
			defaultConfigurationIsVisible = 0;
			defaultConfigurationName = Release;
		};
		D326004B17B894B000CF8309 /* Build configuration list for PBXNativeTarget "Facetious" */ = {
			isa = XCConfigurationList;
			buildConfigurations = (
				D326004C17B894B000CF8309 /* Debug */,
				D326004D17B894B000CF8309 /* Release */,
			);
			defaultConfigurationIsVisible = 0;
			defaultConfigurationName = Release;
		};
/* End XCConfigurationList section */
	};
	rootObject = D326002617B894B000CF8309 /* Project object */;
}
